
Microsoft Visual Studio Solution File, Format Version 12.00
# Visual Studio Version 17
VisualStudioVersion = 17.12.35527.113
MinimumVisualStudioVersion = 10.0.40219.1
Project("{2150E333-8FDC-42A3-9474-1A3956D46DE8}") = "Services", "Services", "{0149AECD-9AA5-4765-BA64-1A2FB3ABC2D9}"
EndProject
Project("{2150E333-8FDC-42A3-9474-1A3956D46DE8}") = "Catalog", "Catalog", "{917E18B5-C2D4-4940-BEB4-1BA1974D7106}"
EndProject
Project("{FAE04EC0-301F-11D3-BF4B-00C04F79EFBC}") = "Catalog.Api", "Services\Catalog\Catalog.Api\Catalog.Api.csproj", "{5FA9A75A-6A5F-418A-9AB1-5B4CB3DB55F3}"
EndProject
Project("{FAE04EC0-301F-11D3-BF4B-00C04F79EFBC}") = "Catalog.Core", "Services\Catalog\Catalog.Core\Catalog.Core.csproj", "{F00585DB-BB75-4381-9469-E971E6FF9BAE}"
EndProject
Project("{FAE04EC0-301F-11D3-BF4B-00C04F79EFBC}") = "Catalog.Application", "Services\Catalog\Catalog.Application\Catalog.Application.csproj", "{472C05A4-F450-414A-9B10-F971A8C85995}"
EndProject
Project("{E53339B2-1760-4266-BCC7-CA923CBCF16C}") = "docker-compose", "docker-compose.dcproj", "{A6776038-55D0-42F8-B010-6CBFF711DF10}"
EndProject
Project("{FAE04EC0-301F-11D3-BF4B-00C04F79EFBC}") = "Catalog.Infrastructure", "Services\Catalog\Catalog.Infrastructure\Catalog.Infrastructure.csproj", "{921114BF-9346-4196-A48A-D7B6BCEE8D38}"
EndProject
Project("{2150E333-8FDC-42A3-9474-1A3956D46DE8}") = "Basket", "Basket", "{3EFE3ABD-54CB-4B82-8B31-0CEE9A2F071D}"
EndProject
Project("{FAE04EC0-301F-11D3-BF4B-00C04F79EFBC}") = "Basket.API", "Services\Basket\Basket.API\Basket.API.csproj", "{9256C283-C2A5-4EE3-B3F5-876F66B10139}"
EndProject
Project("{FAE04EC0-301F-11D3-BF4B-00C04F79EFBC}") = "Basket.Application", "Services\Basket\Basket.Application\Basket.Application.csproj", "{AC08A374-F8BA-46F0-A573-F3ECC7609D27}"
EndProject
Project("{FAE04EC0-301F-11D3-BF4B-00C04F79EFBC}") = "Basket.Infrastructure", "Services\Basket\Basket.Infrastructure\Basket.Infrastructure.csproj", "{2A19F70D-17A3-4532-B883-837EDC95532D}"
EndProject
Project("{FAE04EC0-301F-11D3-BF4B-00C04F79EFBC}") = "Basket.Core", "Services\Basket\Basket.Core\Basket.Core.csproj", "{F8DBD28B-8C48-4943-B9C1-D0B1062B8E68}"
EndProject
Project("{2150E333-8FDC-42A3-9474-1A3956D46DE8}") = "Discount", "Discount", "{AB7D4682-8847-46AB-8D5A-A5A17BAF04FD}"
EndProject
Project("{FAE04EC0-301F-11D3-BF4B-00C04F79EFBC}") = "Discount.API", "Services\Discount\Discount.API\Discount.API.csproj", "{EF865A74-47FA-41A0-8A43-91C0E39499E6}"
EndProject
Project("{FAE04EC0-301F-11D3-BF4B-00C04F79EFBC}") = "Discount.Application", "Services\Discount\Discount.Application\Discount.Application.csproj", "{6DA3687B-2D17-4834-96B5-B04429566E33}"
EndProject
Project("{FAE04EC0-301F-11D3-BF4B-00C04F79EFBC}") = "Discount.Infrastructure", "Services\Discount\Discount.Infrastructure\Discount.Infrastructure.csproj", "{CAE2F34C-DFB6-46FC-AC2F-77DF2291AE2D}"
EndProject
Project("{FAE04EC0-301F-11D3-BF4B-00C04F79EFBC}") = "Discount.Core", "Services\Discount\Discount.Core\Discount.Core.csproj", "{EDE66A18-D888-43AB-8A06-73DB85FC0968}"
EndProject
Project("{2150E333-8FDC-42A3-9474-1A3956D46DE8}") = "Ordering", "Ordering", "{DFD0F878-78E8-456E-B680-151EDC0C2BA0}"
EndProject
Project("{FAE04EC0-301F-11D3-BF4B-00C04F79EFBC}") = "Ordering.API", "Services\Ordering\Ordering.Api\Ordering.API.csproj", "{D13EFCE6-A57A-470C-9AEC-B336B53566F8}"
EndProject
Project("{FAE04EC0-301F-11D3-BF4B-00C04F79EFBC}") = "Ordering.Application", "Services\Ordering\Ordering.Application\Ordering.Application.csproj", "{3019A53C-D750-4994-984A-6B9855AE6615}"
EndProject
Project("{FAE04EC0-301F-11D3-BF4B-00C04F79EFBC}") = "Ordering.Core", "Services\Ordering\Ordering.Core\Ordering.Core.csproj", "{A3E3C25B-0422-451B-B192-877698EF557B}"
EndProject
Project("{FAE04EC0-301F-11D3-BF4B-00C04F79EFBC}") = "Ordering.Infrastructure", "Services\Ordering\Ordering.Infrastructure\Ordering.Infrastructure.csproj", "{DF822389-F650-44AA-BCE9-31DBBFD2691C}"
EndProject
Global
	GlobalSection(SolutionConfigurationPlatforms) = preSolution
		Debug|Any CPU = Debug|Any CPU
		Release|Any CPU = Release|Any CPU
	EndGlobalSection
	GlobalSection(ProjectConfigurationPlatforms) = postSolution
		{5FA9A75A-6A5F-418A-9AB1-5B4CB3DB55F3}.Debug|Any CPU.ActiveCfg = Debug|Any CPU
		{5FA9A75A-6A5F-418A-9AB1-5B4CB3DB55F3}.Debug|Any CPU.Build.0 = Debug|Any CPU
		{5FA9A75A-6A5F-418A-9AB1-5B4CB3DB55F3}.Release|Any CPU.ActiveCfg = Release|Any CPU
		{5FA9A75A-6A5F-418A-9AB1-5B4CB3DB55F3}.Release|Any CPU.Build.0 = Release|Any CPU
		{F00585DB-BB75-4381-9469-E971E6FF9BAE}.Debug|Any CPU.ActiveCfg = Debug|Any CPU
		{F00585DB-BB75-4381-9469-E971E6FF9BAE}.Debug|Any CPU.Build.0 = Debug|Any CPU
		{F00585DB-BB75-4381-9469-E971E6FF9BAE}.Release|Any CPU.ActiveCfg = Release|Any CPU
		{F00585DB-BB75-4381-9469-E971E6FF9BAE}.Release|Any CPU.Build.0 = Release|Any CPU
		{472C05A4-F450-414A-9B10-F971A8C85995}.Debug|Any CPU.ActiveCfg = Debug|Any CPU
		{472C05A4-F450-414A-9B10-F971A8C85995}.Debug|Any CPU.Build.0 = Debug|Any CPU
		{472C05A4-F450-414A-9B10-F971A8C85995}.Release|Any CPU.ActiveCfg = Release|Any CPU
		{472C05A4-F450-414A-9B10-F971A8C85995}.Release|Any CPU.Build.0 = Release|Any CPU
		{A6776038-55D0-42F8-B010-6CBFF711DF10}.Debug|Any CPU.ActiveCfg = Debug|Any CPU
		{A6776038-55D0-42F8-B010-6CBFF711DF10}.Debug|Any CPU.Build.0 = Debug|Any CPU
		{A6776038-55D0-42F8-B010-6CBFF711DF10}.Release|Any CPU.ActiveCfg = Release|Any CPU
		{A6776038-55D0-42F8-B010-6CBFF711DF10}.Release|Any CPU.Build.0 = Release|Any CPU
		{921114BF-9346-4196-A48A-D7B6BCEE8D38}.Debug|Any CPU.ActiveCfg = Debug|Any CPU
		{921114BF-9346-4196-A48A-D7B6BCEE8D38}.Debug|Any CPU.Build.0 = Debug|Any CPU
		{921114BF-9346-4196-A48A-D7B6BCEE8D38}.Release|Any CPU.ActiveCfg = Release|Any CPU
		{921114BF-9346-4196-A48A-D7B6BCEE8D38}.Release|Any CPU.Build.0 = Release|Any CPU
		{9256C283-C2A5-4EE3-B3F5-876F66B10139}.Debug|Any CPU.ActiveCfg = Debug|Any CPU
		{9256C283-C2A5-4EE3-B3F5-876F66B10139}.Debug|Any CPU.Build.0 = Debug|Any CPU
		{9256C283-C2A5-4EE3-B3F5-876F66B10139}.Release|Any CPU.ActiveCfg = Release|Any CPU
		{9256C283-C2A5-4EE3-B3F5-876F66B10139}.Release|Any CPU.Build.0 = Release|Any CPU
		{AC08A374-F8BA-46F0-A573-F3ECC7609D27}.Debug|Any CPU.ActiveCfg = Debug|Any CPU
		{AC08A374-F8BA-46F0-A573-F3ECC7609D27}.Debug|Any CPU.Build.0 = Debug|Any CPU
		{AC08A374-F8BA-46F0-A573-F3ECC7609D27}.Release|Any CPU.ActiveCfg = Release|Any CPU
		{AC08A374-F8BA-46F0-A573-F3ECC7609D27}.Release|Any CPU.Build.0 = Release|Any CPU
		{2A19F70D-17A3-4532-B883-837EDC95532D}.Debug|Any CPU.ActiveCfg = Debug|Any CPU
		{2A19F70D-17A3-4532-B883-837EDC95532D}.Debug|Any CPU.Build.0 = Debug|Any CPU
		{2A19F70D-17A3-4532-B883-837EDC95532D}.Release|Any CPU.ActiveCfg = Release|Any CPU
		{2A19F70D-17A3-4532-B883-837EDC95532D}.Release|Any CPU.Build.0 = Release|Any CPU
		{F8DBD28B-8C48-4943-B9C1-D0B1062B8E68}.Debug|Any CPU.ActiveCfg = Debug|Any CPU
		{F8DBD28B-8C48-4943-B9C1-D0B1062B8E68}.Debug|Any CPU.Build.0 = Debug|Any CPU
		{F8DBD28B-8C48-4943-B9C1-D0B1062B8E68}.Release|Any CPU.ActiveCfg = Release|Any CPU
		{F8DBD28B-8C48-4943-B9C1-D0B1062B8E68}.Release|Any CPU.Build.0 = Release|Any CPU
		{EF865A74-47FA-41A0-8A43-91C0E39499E6}.Debug|Any CPU.ActiveCfg = Debug|Any CPU
		{EF865A74-47FA-41A0-8A43-91C0E39499E6}.Debug|Any CPU.Build.0 = Debug|Any CPU
		{EF865A74-47FA-41A0-8A43-91C0E39499E6}.Release|Any CPU.ActiveCfg = Release|Any CPU
		{EF865A74-47FA-41A0-8A43-91C0E39499E6}.Release|Any CPU.Build.0 = Release|Any CPU
		{6DA3687B-2D17-4834-96B5-B04429566E33}.Debug|Any CPU.ActiveCfg = Debug|Any CPU
		{6DA3687B-2D17-4834-96B5-B04429566E33}.Debug|Any CPU.Build.0 = Debug|Any CPU
		{6DA3687B-2D17-4834-96B5-B04429566E33}.Release|Any CPU.ActiveCfg = Release|Any CPU
		{6DA3687B-2D17-4834-96B5-B04429566E33}.Release|Any CPU.Build.0 = Release|Any CPU
		{CAE2F34C-DFB6-46FC-AC2F-77DF2291AE2D}.Debug|Any CPU.ActiveCfg = Debug|Any CPU
		{CAE2F34C-DFB6-46FC-AC2F-77DF2291AE2D}.Debug|Any CPU.Build.0 = Debug|Any CPU
		{CAE2F34C-DFB6-46FC-AC2F-77DF2291AE2D}.Release|Any CPU.ActiveCfg = Release|Any CPU
		{CAE2F34C-DFB6-46FC-AC2F-77DF2291AE2D}.Release|Any CPU.Build.0 = Release|Any CPU
		{EDE66A18-D888-43AB-8A06-73DB85FC0968}.Debug|Any CPU.ActiveCfg = Debug|Any CPU
		{EDE66A18-D888-43AB-8A06-73DB85FC0968}.Debug|Any CPU.Build.0 = Debug|Any CPU
		{EDE66A18-D888-43AB-8A06-73DB85FC0968}.Release|Any CPU.ActiveCfg = Release|Any CPU
		{EDE66A18-D888-43AB-8A06-73DB85FC0968}.Release|Any CPU.Build.0 = Release|Any CPU
		{D13EFCE6-A57A-470C-9AEC-B336B53566F8}.Debug|Any CPU.ActiveCfg = Debug|Any CPU
		{D13EFCE6-A57A-470C-9AEC-B336B53566F8}.Debug|Any CPU.Build.0 = Debug|Any CPU
		{D13EFCE6-A57A-470C-9AEC-B336B53566F8}.Release|Any CPU.ActiveCfg = Release|Any CPU
		{D13EFCE6-A57A-470C-9AEC-B336B53566F8}.Release|Any CPU.Build.0 = Release|Any CPU
		{3019A53C-D750-4994-984A-6B9855AE6615}.Debug|Any CPU.ActiveCfg = Debug|Any CPU
		{3019A53C-D750-4994-984A-6B9855AE6615}.Debug|Any CPU.Build.0 = Debug|Any CPU
		{3019A53C-D750-4994-984A-6B9855AE6615}.Release|Any CPU.ActiveCfg = Release|Any CPU
		{3019A53C-D750-4994-984A-6B9855AE6615}.Release|Any CPU.Build.0 = Release|Any CPU
		{A3E3C25B-0422-451B-B192-877698EF557B}.Debug|Any CPU.ActiveCfg = Debug|Any CPU
		{A3E3C25B-0422-451B-B192-877698EF557B}.Debug|Any CPU.Build.0 = Debug|Any CPU
		{A3E3C25B-0422-451B-B192-877698EF557B}.Release|Any CPU.ActiveCfg = Release|Any CPU
		{A3E3C25B-0422-451B-B192-877698EF557B}.Release|Any CPU.Build.0 = Release|Any CPU
		{DF822389-F650-44AA-BCE9-31DBBFD2691C}.Debug|Any CPU.ActiveCfg = Debug|Any CPU
		{DF822389-F650-44AA-BCE9-31DBBFD2691C}.Debug|Any CPU.Build.0 = Debug|Any CPU
		{DF822389-F650-44AA-BCE9-31DBBFD2691C}.Release|Any CPU.ActiveCfg = Release|Any CPU
		{DF822389-F650-44AA-BCE9-31DBBFD2691C}.Release|Any CPU.Build.0 = Release|Any CPU
	EndGlobalSection
	GlobalSection(SolutionProperties) = preSolution
		HideSolutionNode = FALSE
	EndGlobalSection
	GlobalSection(NestedProjects) = preSolution
		{917E18B5-C2D4-4940-BEB4-1BA1974D7106} = {0149AECD-9AA5-4765-BA64-1A2FB3ABC2D9}
		{5FA9A75A-6A5F-418A-9AB1-5B4CB3DB55F3} = {917E18B5-C2D4-4940-BEB4-1BA1974D7106}
		{F00585DB-BB75-4381-9469-E971E6FF9BAE} = {917E18B5-C2D4-4940-BEB4-1BA1974D7106}
		{472C05A4-F450-414A-9B10-F971A8C85995} = {917E18B5-C2D4-4940-BEB4-1BA1974D7106}
		{921114BF-9346-4196-A48A-D7B6BCEE8D38} = {917E18B5-C2D4-4940-BEB4-1BA1974D7106}
		{3EFE3ABD-54CB-4B82-8B31-0CEE9A2F071D} = {0149AECD-9AA5-4765-BA64-1A2FB3ABC2D9}
		{9256C283-C2A5-4EE3-B3F5-876F66B10139} = {3EFE3ABD-54CB-4B82-8B31-0CEE9A2F071D}
		{AC08A374-F8BA-46F0-A573-F3ECC7609D27} = {3EFE3ABD-54CB-4B82-8B31-0CEE9A2F071D}
		{2A19F70D-17A3-4532-B883-837EDC95532D} = {3EFE3ABD-54CB-4B82-8B31-0CEE9A2F071D}
		{F8DBD28B-8C48-4943-B9C1-D0B1062B8E68} = {3EFE3ABD-54CB-4B82-8B31-0CEE9A2F071D}
		{AB7D4682-8847-46AB-8D5A-A5A17BAF04FD} = {0149AECD-9AA5-4765-BA64-1A2FB3ABC2D9}
		{EF865A74-47FA-41A0-8A43-91C0E39499E6} = {AB7D4682-8847-46AB-8D5A-A5A17BAF04FD}
		{6DA3687B-2D17-4834-96B5-B04429566E33} = {AB7D4682-8847-46AB-8D5A-A5A17BAF04FD}
		{CAE2F34C-DFB6-46FC-AC2F-77DF2291AE2D} = {AB7D4682-8847-46AB-8D5A-A5A17BAF04FD}
		{EDE66A18-D888-43AB-8A06-73DB85FC0968} = {AB7D4682-8847-46AB-8D5A-A5A17BAF04FD}
		{DFD0F878-78E8-456E-B680-151EDC0C2BA0} = {0149AECD-9AA5-4765-BA64-1A2FB3ABC2D9}
		{D13EFCE6-A57A-470C-9AEC-B336B53566F8} = {DFD0F878-78E8-456E-B680-151EDC0C2BA0}
		{3019A53C-D750-4994-984A-6B9855AE6615} = {DFD0F878-78E8-456E-B680-151EDC0C2BA0}
		{A3E3C25B-0422-451B-B192-877698EF557B} = {DFD0F878-78E8-456E-B680-151EDC0C2BA0}
		{DF822389-F650-44AA-BCE9-31DBBFD2691C} = {DFD0F878-78E8-456E-B680-151EDC0C2BA0}
	EndGlobalSection
EndGlobal
